
Microsoft Visual Studio Solution File, Format Version 12.00
# Visual Studio Version 16
VisualStudioVersion = 16.0.31911.196
MinimumVisualStudioVersion = 10.0.40219.1
Project("{FAE04EC0-301F-11D3-BF4B-00C04F79EFBC}") = "prj", "prj.csproj", "{92F75129-0EC1-47BA-85A7-E47F9EB140FD}"
EndProject
Global
	GlobalSection(SolutionConfigurationPlatforms) = preSolution
		Debug|Any CPU = Debug|Any CPU
		Release|Any CPU = Release|Any CPU
	EndGlobalSection
	GlobalSection(ProjectConfigurationPlatforms) = postSolution
		{92F75129-0EC1-47BA-85A7-E47F9EB140FD}.Debug|Any CPU.ActiveCfg = Debug|Any CPU
		{92F75129-0EC1-47BA-85A7-E47F9EB140FD}.Debug|Any CPU.Build.0 = Debug|Any CPU
		{92F75129-0EC1-47BA-85A7-E47F9EB140FD}.Release|Any CPU.ActiveCfg = Release|Any CPU
		{92F75129-0EC1-47BA-85A7-E47F9EB140FD}.Release|Any CPU.Build.0 = Release|Any CPU
	EndGlobalSection
	GlobalSection(SolutionProperties) = preSolution
		HideSolutionNode = FALSE
	EndGlobalSection
	GlobalSection(ExtensibilityGlobals) = postSolution
		SolutionGuid = {DF1C91DD-202F-4ED9-B2D9-ECFFCBEF0942}
	EndGlobalSection
EndGlobal
